PODS:
  - Flutter (1.0.0)
  - flutter_local_notifications (0.0.1):
    - Flutter
  - path_provider (0.0.1):
    - Flutter
  - printing (1.0.0):
    - Flutter
  - shared_preferences (0.0.1):
    - Flutter
  - Stripe (19.4.1)
  - stripe_payment (1.0.0):
    - Flutter
    - Stripe (>= 19.0.1)
  - url_launcher (0.0.1):
    - Flutter

DEPENDENCIES:
  - Flutter (from `Flutter`)
  - flutter_local_notifications (from `.symlinks/plugins/flutter_local_notifications/ios`)
  - path_provider (from `.symlinks/plugins/path_provider/ios`)
  - printing (from `.symlinks/plugins/printing/ios`)
  - shared_preferences (from `.symlinks/plugins/shared_preferences/ios`)
  - stripe_payment (from `.symlinks/plugins/stripe_payment/ios`)
  - url_launcher (from `.symlinks/plugins/url_launcher/ios`)

SPEC REPOS:
  trunk:
    - Stripe

EXTERNAL SOURCES:
  Flutter:
    :path: Flutter
  flutter_local_notifications:
    :path: ".symlinks/plugins/flutter_local_notifications/ios"
  path_provider:
    :path: ".symlinks/plugins/path_provider/ios"
  printing:
    :path: ".symlinks/plugins/printing/ios"
  shared_preferences:
    :path: ".symlinks/plugins/shared_preferences/ios"
  stripe_payment:
    :path: ".symlinks/plugins/stripe_payment/ios"
  url_launcher:
    :path: ".symlinks/plugins/url_launcher/ios"

SPEC CHECKSUMS:
  Flutter: 434fef37c0980e73bb6479ef766c45957d4b510c
  flutter_local_notifications: 0c0b1ae97e741e1521e4c1629a459d04b9aec743
  path_provider: abfe2b5c733d04e238b0d8691db0cfd63a27a93c
  printing: eafa00acb682c0ca029d4d98d0798f55a1e27102
  shared_preferences: af6bfa751691cdc24be3045c43ec037377ada40d
  Stripe: 5914399ac5878056b985d56b409cb4bb1e7fc7e8
  stripe_payment: ad86f099179edb7b9fe12b9b62ac3746d5e56802
  url_launcher: 6fef411d543ceb26efce54b05a0a40bfd74cbbef

PODFILE CHECKSUM: fe0e1ee7f3d1f7d00b11b474b62dd62134535aea

COCOAPODS: 1.10.1
